
Microsoft Visual Studio Solution File, Format Version 11.00
# Visual Studio 2010
Project("{FAE04EC0-301F-11D3-BF4B-00C04F79EFBC}") = "UnitTests", "UnitTests\UnitTests.csproj", "{13821880-4082-483E-B257-1BF7746F5BFC}"
EndProject
Project("{FAE04EC0-301F-11D3-BF4B-00C04F79EFBC}") = "Keel", "Keel\Keel.csproj", "{BBC260A6-BF72-4B91-87AE-3958E18AFC57}"
EndProject
Global
	GlobalSection(SolutionConfigurationPlatforms) = preSolution
		Debug|Any CPU = Debug|Any CPU
		Debug|Mixed Platforms = Debug|Mixed Platforms
		Debug|x64 = Debug|x64
		Debug|x86 = Debug|x86
		Release|Any CPU = Release|Any CPU
		Release|Mixed Platforms = Release|Mixed Platforms
		Release|x64 = Release|x64
		Release|x86 = Release|x86
	EndGlobalSection
	GlobalSection(ProjectConfigurationPlatforms) = postSolution
		{13821880-4082-483E-B257-1BF7746F5BFC}.Debug|Any CPU.ActiveCfg = Debug|Any CPU
		{13821880-4082-483E-B257-1BF7746F5BFC}.Debug|Any CPU.Build.0 = Debug|Any CPU
		{13821880-4082-483E-B257-1BF7746F5BFC}.Debug|Mixed Platforms.ActiveCfg = Debug|Any CPU
		{13821880-4082-483E-B257-1BF7746F5BFC}.Debug|Mixed Platforms.Build.0 = Debug|Any CPU
		{13821880-4082-483E-B257-1BF7746F5BFC}.Debug|x64.ActiveCfg = Debug|Any CPU
		{13821880-4082-483E-B257-1BF7746F5BFC}.Debug|x64.Build.0 = Debug|Any CPU
		{13821880-4082-483E-B257-1BF7746F5BFC}.Debug|x86.ActiveCfg = Debug|Any CPU
		{13821880-4082-483E-B257-1BF7746F5BFC}.Release|Any CPU.ActiveCfg = Release|Any CPU
		{13821880-4082-483E-B257-1BF7746F5BFC}.Release|Any CPU.Build.0 = Release|Any CPU
		{13821880-4082-483E-B257-1BF7746F5BFC}.Release|Mixed Platforms.ActiveCfg = Release|Any CPU
		{13821880-4082-483E-B257-1BF7746F5BFC}.Release|Mixed Platforms.Build.0 = Release|Any CPU
		{13821880-4082-483E-B257-1BF7746F5BFC}.Release|x64.ActiveCfg = Release|x64
		{13821880-4082-483E-B257-1BF7746F5BFC}.Release|x64.Build.0 = Release|x64
		{13821880-4082-483E-B257-1BF7746F5BFC}.Release|x86.ActiveCfg = Release|Any CPU
		{BBC260A6-BF72-4B91-87AE-3958E18AFC57}.Debug|Any CPU.ActiveCfg = Debug|Any CPU
		{BBC260A6-BF72-4B91-87AE-3958E18AFC57}.Debug|Any CPU.Build.0 = Debug|Any CPU
		{BBC260A6-BF72-4B91-87AE-3958E18AFC57}.Debug|Mixed Platforms.ActiveCfg = Debug|Any CPU
		{BBC260A6-BF72-4B91-87AE-3958E18AFC57}.Debug|Mixed Platforms.Build.0 = Debug|Any CPU
		{BBC260A6-BF72-4B91-87AE-3958E18AFC57}.Debug|x64.ActiveCfg = Debug|Any CPU
		{BBC260A6-BF72-4B91-87AE-3958E18AFC57}.Debug|x64.Build.0 = Debug|Any CPU
		{BBC260A6-BF72-4B91-87AE-3958E18AFC57}.Debug|x86.ActiveCfg = Debug|Any CPU
		{BBC260A6-BF72-4B91-87AE-3958E18AFC57}.Release|Any CPU.ActiveCfg = Release|Any CPU
		{BBC260A6-BF72-4B91-87AE-3958E18AFC57}.Release|Any CPU.Build.0 = Release|Any CPU
		{BBC260A6-BF72-4B91-87AE-3958E18AFC57}.Release|Mixed Platforms.ActiveCfg = Release|Any CPU
		{BBC260A6-BF72-4B91-87AE-3958E18AFC57}.Release|Mixed Platforms.Build.0 = Release|Any CPU
		{BBC260A6-BF72-4B91-87AE-3958E18AFC57}.Release|x64.ActiveCfg = Release|Any CPU
		{BBC260A6-BF72-4B91-87AE-3958E18AFC57}.Release|x86.ActiveCfg = Release|Any CPU
	EndGlobalSection
	GlobalSection(SolutionProperties) = preSolution
		HideSolutionNode = FALSE
	EndGlobalSection
EndGlobal
